{
  "version": "2",
  "remote": {
    "https://deno.land/std@0.138.0/_util/assert.ts": "e94f2eb37cebd7f199952e242c77654e43333c1ac4c5c700e929ea3aa5489f74",
    "https://deno.land/std@0.138.0/bytes/bytes_list.ts": "67eb118e0b7891d2f389dad4add35856f4ad5faab46318ff99653456c23b025d",
    "https://deno.land/std@0.138.0/bytes/equals.ts": "fc16dff2090cced02497f16483de123dfa91e591029f985029193dfaa9d894c9",
    "https://deno.land/std@0.138.0/bytes/mod.ts": "763f97d33051cc3f28af1a688dfe2830841192a9fea0cbaa55f927b49d49d0bf",
    "https://deno.land/std@0.138.0/fmt/colors.ts": "30455035d6d728394781c10755351742dd731e3db6771b1843f9b9e490104d37",
    "https://deno.land/std@0.138.0/io/buffer.ts": "bd0c4bf53db4b4be916ca5963e454bddfd3fcd45039041ea161dbf826817822b",
    "https://deno.land/std@0.138.0/io/files.ts": "d199ef64e918a256320ba8d8d44ae91de87c9077df8f8d6cca013f1b9fbbe285",
    "https://deno.land/std@0.138.0/io/mod.ts": "8e5b5faf516e4a49d2b13a7f53178b15e6961011788530ba0c0cf0f559d3464c",
    "https://deno.land/std@0.138.0/io/readers.ts": "15062a8863e6df8503ac6629924d04c5e65cf3da15997470525e705831a810c8",
    "https://deno.land/std@0.138.0/io/streams.ts": "988a19155b52161f0035ce539e2f1d12edbc4c389fa7633da832a64e6edbe1a0",
    "https://deno.land/std@0.138.0/io/util.ts": "078da53bba767bec0d45f7da44411f6dbf269e51ef7fcfea5e3714e04681c674",
    "https://deno.land/std@0.138.0/io/writers.ts": "5db9995d2afc7ed391c88c6b441457df6fad6a0b09653e54c1dcd0387ab947fd",
    "https://deno.land/std@0.138.0/streams/conversion.ts": "712585bfa0172a97fb68dd46e784ae8ad59d11b88079d6a4ab098ff42e697d21",
    "https://deno.land/std@0.138.0/testing/_diff.ts": "029a00560b0d534bc0046f1bce4bd36b3b41ada3f2a3178c85686eb2ff5f1413",
    "https://deno.land/std@0.138.0/testing/_format.ts": "0d8dc79eab15b67cdc532826213bbe05bccfd276ca473a50a3fc7bbfb7260642",
    "https://deno.land/std@0.138.0/testing/asserts.ts": "dc7ab67b635063989b4aec8620dbcc6fa7c2465f2d9c856bddf8c0e7b45b4481",
    "https://deno.land/std@0.199.0/_util/diff.ts": "1a3c044aedf77647d6cac86b798c6417603361b66b54c53331b312caeb447aea",
    "https://deno.land/std@0.199.0/assert/_constants.ts": "8a9da298c26750b28b326b297316cdde860bc237533b07e1337c021379e6b2a9",
    "https://deno.land/std@0.199.0/assert/_format.ts": "a69126e8a469009adf4cf2a50af889aca364c349797e63174884a52ff75cf4c7",
    "https://deno.land/std@0.199.0/assert/assert.ts": "9a97dad6d98c238938e7540736b826440ad8c1c1e54430ca4c4e623e585607ee",
    "https://deno.land/std@0.199.0/assert/assert_almost_equals.ts": "e15ca1f34d0d5e0afae63b3f5d975cbd18335a132e42b0c747d282f62ad2cd6c",
    "https://deno.land/std@0.199.0/assert/assert_array_includes.ts": "6856d7f2c3544bc6e62fb4646dfefa3d1df5ff14744d1bca19f0cbaf3b0d66c9",
    "https://deno.land/std@0.199.0/assert/assert_equals.ts": "a0ee60574e437bcab2dcb79af9d48dc88845f8fd559468d9c21b15fd638ef943",
    "https://deno.land/std@0.199.0/assert/assert_exists.ts": "407cb6b9fb23a835cd8d5ad804e2e2edbbbf3870e322d53f79e1c7a512e2efd7",
    "https://deno.land/std@0.199.0/assert/assert_false.ts": "a9962749f4bf5844e3fa494257f1de73d69e4fe0e82c34d0099287552163a2dc",
    "https://deno.land/std@0.199.0/assert/assert_instance_of.ts": "09fd297352a5b5bbb16da2b5e1a0d8c6c44da5447772648622dcc7df7af1ddb8",
    "https://deno.land/std@0.199.0/assert/assert_is_error.ts": "b4eae4e5d182272efc172bf28e2e30b86bb1650cd88aea059e5d2586d4160fb9",
    "https://deno.land/std@0.199.0/assert/assert_match.ts": "c4083f80600bc190309903c95e397a7c9257ff8b5ae5c7ef91e834704e672e9b",
    "https://deno.land/std@0.199.0/assert/assert_not_equals.ts": "9f1acab95bd1f5fc9a1b17b8027d894509a745d91bac1718fdab51dc76831754",
    "https://deno.land/std@0.199.0/assert/assert_not_instance_of.ts": "0c14d3dfd9ab7a5276ed8ed0b18c703d79a3d106102077ec437bfe7ed912bd22",
    "https://deno.land/std@0.199.0/assert/assert_not_match.ts": "3796a5b0c57a1ce6c1c57883dd4286be13a26f715ea662318ab43a8491a13ab0",
    "https://deno.land/std@0.199.0/assert/assert_not_strict_equals.ts": "ca6c6d645e95fbc873d25320efeb8c4c6089a9a5e09f92d7c1c4b6e935c2a6ad",
    "https://deno.land/std@0.199.0/assert/assert_object_match.ts": "d8fc2867cfd92eeacf9cea621e10336b666de1874a6767b5ec48988838370b54",
    "https://deno.land/std@0.199.0/assert/assert_rejects.ts": "45c59724de2701e3b1f67c391d6c71c392363635aad3f68a1b3408f9efca0057",
    "https://deno.land/std@0.199.0/assert/assert_strict_equals.ts": "5cf29b38b3f8dece95287325723272aa04e04dbf158d886d662fa594fddc9ed3",
    "https://deno.land/std@0.199.0/assert/assert_string_includes.ts": "b821d39ebf5cb0200a348863c86d8c4c4b398e02012ce74ad15666fc4b631b0c",
    "https://deno.land/std@0.199.0/assert/assert_throws.ts": "63784e951475cb7bdfd59878cd25a0931e18f6dc32a6077c454b2cd94f4f4bcd",
    "https://deno.land/std@0.199.0/assert/assertion_error.ts": "4d0bde9b374dfbcbe8ac23f54f567b77024fb67dbb1906a852d67fe050d42f56",
    "https://deno.land/std@0.199.0/assert/equal.ts": "9f1a46d5993966d2596c44e5858eec821859b45f783a5ee2f7a695dfc12d8ece",
    "https://deno.land/std@0.199.0/assert/fail.ts": "c36353d7ae6e1f7933d45f8ea51e358c8c4b67d7e7502028598fe1fea062e278",
    "https://deno.land/std@0.199.0/assert/mod.ts": "08d55a652c22c5da0215054b21085cec25a5da47ce4a6f9de7d9ad36df35bdee",
    "https://deno.land/std@0.199.0/assert/unimplemented.ts": "d56fbeecb1f108331a380f72e3e010a1f161baa6956fd0f7cf3e095ae1a4c75a",
    "https://deno.land/std@0.199.0/assert/unreachable.ts": "4600dc0baf7d9c15a7f7d234f00c23bca8f3eba8b140286aaca7aa998cf9a536",
    "https://deno.land/std@0.199.0/fmt/colors.ts": "a7eecffdf3d1d54db890723b303847b6e0a1ab4b528ba6958b8f2e754cf1b3bc",
    "https://deno.land/std@v0.55.0/encoding/utf8.ts": "8654fa820aa69a37ec5eb11908e20b39d056c9bf1c23ab294303ff467f3d50a1",
    "https://deno.land/x/ansi@1.0.1/clear.ts": "444d83749bd171a38e77a7a7d5d270bbf84fbb0ea21f0a62e60c931a11f2bfc1",
    "https://deno.land/x/ansi@1.0.1/constants.ts": "aa51274a1402e017e043f544542e895880eadd67cca3e424884ed228813144bb",
    "https://deno.land/x/ansi@1.0.1/cursor.ts": "cbba999f0f87865401490541e1bf098573491d1c6be411852eaed58f4e39716a",
    "https://deno.land/x/ansi@1.0.1/erase.ts": "50fc48023cf65e7a3ac8305be535955133b6d9d44184d8b9f3dfa5251113716c",
    "https://deno.land/x/ansi@1.0.1/link.ts": "9dff91f666747f09f9c7a58f7d02781142483003bab6fe44612e2081f93dd2ac",
    "https://deno.land/x/ansi@1.0.1/mod.ts": "10a10101feb7da0e565214f725a3d8e79b3e4a2d8cb22cdeaba1a21a53889945",
    "https://deno.land/x/ansi@1.0.1/scroll.ts": "071a30cbd84b66de2eb24752ef97ceff475a2fc22aa2f6283baaa904208bda69",
    "https://deno.land/x/deno_figlet@1.0.0/dist/types.ts": "d29753eb0389560d36cc750364e19c3f244462811842bf81daa59e7f5345e6fa",
    "https://deno.land/x/deno_figlet@1.0.0/mod.ts": "4ffbdf1ecf1639213062c35dcd867e66cefd9ec13cf9d01880d735234e367b79",
    "https://deno.land/x/deno_figlet@1.0.0/src/factory.ts": "33f8661da73d668b8958c27971e055240931d5197cc76c008034c7166514b35c",
    "https://deno.land/x/deno_figlet@1.0.0/src/index.ts": "2015b11c6a34a8ed24fdb05866e2a6bedc313afbb2703152d386314d86048f26",
    "https://deno.land/x/deno_figlet@1.0.0/src/loader.ts": "c5629934fbf9d913d270f40ad41e227f5b76273bb9d48350942a8a4c81a67e00",
    "https://deno.land/x/deno_figlet@1.0.0/src/serializer.ts": "cca9c88061528720c3beab69d2ef856a0eaa41d42abe0c1351709868775e9a5f",
    "https://deno.land/x/deno_figlet@1.0.0/src/types.ts": "12345663f5f54db5b97d847cd163dac8b2b18d50c86bd01ddb05266428118ecc",
    "https://deno.land/x/inquirer@v0.0.4/deps.ts": "32cf3986c91fca6b82712e516661fc6b151e380161a3b7a2cea4ddb3ec3624ad",
    "https://deno.land/x/inquirer@v0.0.4/lib/confirm.ts": "c10e989e29b0af3e840b6b6361310a6db78fe8f200a8ed54fa01e815b2419fe2",
    "https://deno.land/x/inquirer@v0.0.4/lib/input.ts": "a4d8967e99867cfb8ee6582b95a073a29b0691340f8725d29f2f4ed05687cf24",
    "https://deno.land/x/inquirer@v0.0.4/lib/progress.ts": "4e9998cd07eedbda6fa74d47b0899471cf56ff609f2f0b6c4a81aab992ecbcff",
    "https://deno.land/x/inquirer@v0.0.4/lib/select.ts": "ccbe65d3f78ad8fdf489f9cb94d67cbe6401120f54488ac0451e44bc433b9b77",
    "https://deno.land/x/inquirer@v0.0.4/lib/utils/async.ts": "f37a6a9ac7d4e497e49d96973aebc3a63c5f492e982c51d23fa0b0d61352af0b",
    "https://deno.land/x/inquirer@v0.0.4/lib/utils/io.ts": "684a9168b5908b9048271b9a076e06e3e11b543bbc464d9b5911ef3cee3d655e",
    "https://deno.land/x/inquirer@v0.0.4/mod.ts": "955e719e6288c5ba2a9fa5f0b7b9af7e87e60d10f5b08a0c6e4dbf08bccec00a",
    "https://deno.land/x/keypress@0.0.4/dep.ts": "f226aeb10b840687f7c74dfe2b44d89897ead447102f152303f657b65b276ab9",
    "https://deno.land/x/keypress@0.0.4/mod.ts": "1130570c2397118a3a301b1137400a8e55486716cc3557b3bd5e9947b6b9c035",
    "https://deno.land/x/nanocolors@0.1.12/mod.ts": "db1298aca23575ef10b3b2ea837b3b1f2453928b1ec662be57ab0411420f01ee",
    "https://dzjd3wnuerwiybhjc6w4aqtpnm46ble4dcfbb6jn7w3upjcmpraa.arweave.net/HlI92bQkbIwE6RetwEJvazngrJwYihD5Lf23R6RMfEA/deps/factory.js": "0a8d29dd8d006da5f8037e520364aec5e08ced91b24b05987e16afcdc57471d2",
    "https://dzjd3wnuerwiybhjc6w4aqtpnm46ble4dcfbb6jn7w3upjcmpraa.arweave.net/HlI92bQkbIwE6RetwEJvazngrJwYihD5Lf23R6RMfEA/deps/index.js": "b0307d74a8a1caec75482544ebb41f4bf31c9e5989106de1c1224f2f63f36183",
    "https://dzjd3wnuerwiybhjc6w4aqtpnm46ble4dcfbb6jn7w3upjcmpraa.arweave.net/HlI92bQkbIwE6RetwEJvazngrJwYihD5Lf23R6RMfEA/deps/loader.js": "3af821ce0b9d4d8f9b281f8fc0cfbb0e048ff842953a8674092a0e1725e89c4a",
    "https://dzjd3wnuerwiybhjc6w4aqtpnm46ble4dcfbb6jn7w3upjcmpraa.arweave.net/HlI92bQkbIwE6RetwEJvazngrJwYihD5Lf23R6RMfEA/deps/serializer.js": "5d279822da6e68c226e65196ea8771a7ba46fae8b43588b84de9019a277d3f63",
    "https://dzjd3wnuerwiybhjc6w4aqtpnm46ble4dcfbb6jn7w3upjcmpraa.arweave.net/HlI92bQkbIwE6RetwEJvazngrJwYihD5Lf23R6RMfEA/mod.js": "cc22b89d66ad29ae38df794291a8b26a21b1fecaf7bebe55e590973f55bca6d3"
  },
  "npm": {
    "specifiers": {
      "@types/inquirer": "@types/inquirer@9.0.3",
      "chalk": "chalk@5.3.0",
      "clear": "clear@0.1.0",
      "clui": "clui@0.3.6",
      "configstore": "configstore@6.0.0",
      "figlet": "figlet@1.6.0",
      "inquirer": "inquirer@9.2.10",
      "minimist": "minimist@1.2.8"
    },
    "packages": {
      "@ljharb/through@2.3.9": {
        "integrity": "sha512-yN599ZBuMPPK4tdoToLlvgJB4CLK8fGl7ntfy0Wn7U6ttNvHYurd81bfUiK/6sMkiIwm65R6ck4L6+Y3DfVbNQ==",
        "dependencies": {}
      },
      "@types/inquirer@9.0.3": {
        "integrity": "sha512-CzNkWqQftcmk2jaCWdBTf9Sm7xSw4rkI1zpU/Udw3HX5//adEZUIm9STtoRP1qgWj0CWQtJ9UTvqmO2NNjhMJw==",
        "dependencies": {
          "@types/through": "@types/through@0.0.30",
          "rxjs": "rxjs@7.8.1"
        }
      },
      "@types/node@18.16.19": {
        "integrity": "sha512-IXl7o+R9iti9eBW4Wg2hx1xQDig183jj7YLn8F7udNceyfkbn1ZxmzZXuak20gR40D7pIkIY1kYGx5VIGbaHKA==",
        "dependencies": {}
      },
      "@types/through@0.0.30": {
        "integrity": "sha512-FvnCJljyxhPM3gkRgWmxmDZyAQSiBQQWLI0A0VFL0K7W1oRUrPJSqNO0NvTnLkBcotdlp3lKvaT0JrnyRDkzOg==",
        "dependencies": {
          "@types/node": "@types/node@18.16.19"
        }
      },
      "ansi-escapes@4.3.2": {
        "integrity": "sha512-gKXj5ALrKWQLsYG9jlTRmR/xKluxHV+Z9QEwNIgCfM1/uwPMCuzVVnh5mwTd+OuBZcwSIMbqssNWRm1lE51QaQ==",
        "dependencies": {
          "type-fest": "type-fest@0.21.3"
        }
      },
      "ansi-regex@5.0.1": {
        "integrity": "sha512-quJQXlTSUGL2LH9SUXo8VwsY4soanhgo6LNSm84E1LBcE8s3O0wpdiRzyR9z/ZZJMlMWv37qOOb9pdJlMUEKFQ==",
        "dependencies": {}
      },
      "ansi-styles@4.3.0": {
        "integrity": "sha512-zbB9rCJAT1rbjiVDb2hqKFHNYLxgtk8NURxZ3IZwD3F6NtxbXZQCnnSi1Lkx+IDohdPlFp222wVALIheZJQSEg==",
        "dependencies": {
          "color-convert": "color-convert@2.0.1"
        }
      },
      "base64-js@1.5.1": {
        "integrity": "sha512-AKpaYlHn8t4SVbOHCy+b5+KKgvR4vrsD8vbvrbiQJps7fKDTkjkDry6ji0rUJjC0kzbNePLwzxq8iypo41qeWA==",
        "dependencies": {}
      },
      "bl@4.1.0": {
        "integrity": "sha512-1W07cM9gS6DcLperZfFSj+bWLtaPGSOHWhPiGzXmvVJbRLdG82sH/Kn8EtW1VqWVA54AKf2h5k5BbnIbwF3h6w==",
        "dependencies": {
          "buffer": "buffer@5.7.1",
          "inherits": "inherits@2.0.4",
          "readable-stream": "readable-stream@3.6.2"
        }
      },
      "buffer@5.7.1": {
        "integrity": "sha512-EHcyIPBQ4BSGlvjB16k5KgAJ27CIsHY/2JBmCRReo48y9rQ3MaUzWX3KVlBa4U7MyX02HdVj0K7C3WaB3ju7FQ==",
        "dependencies": {
          "base64-js": "base64-js@1.5.1",
          "ieee754": "ieee754@1.2.1"
        }
      },
      "chalk@4.1.2": {
        "integrity": "sha512-oKnbhFyRIXpUuez8iBMmyEa4nbj4IOQyuhc/wy9kY7/WVPcwIO9VA668Pu8RkO7+0G76SLROeyw9CpQ061i4mA==",
        "dependencies": {
          "ansi-styles": "ansi-styles@4.3.0",
          "supports-color": "supports-color@7.2.0"
        }
      },
      "chalk@5.3.0": {
        "integrity": "sha512-dLitG79d+GV1Nb/VYcCDFivJeK1hiukt9QjRNVOsUtTy1rR1YJsmpGGTZ3qJos+uw7WmWF4wUwBd9jxjocFC2w==",
        "dependencies": {}
      },
      "chardet@0.7.0": {
        "integrity": "sha512-mT8iDcrh03qDGRRmoA2hmBJnxpllMR+0/0qlzjqZES6NdiWDcZkCNAk4rPFZ9Q85r27unkiNNg8ZOiwZXBHwcA==",
        "dependencies": {}
      },
      "clear@0.1.0": {
        "integrity": "sha512-qMjRnoL+JDPJHeLePZJuao6+8orzHMGP04A8CdwCNsKhRbOnKRjefxONR7bwILT3MHecxKBjHkKL/tkZ8r4Uzw==",
        "dependencies": {}
      },
      "cli-color@0.3.2": {
        "integrity": "sha512-Ys/nDhHNRcxrS4EUI2RS/QCUE+61AMuEOj3sWDX+EIHkJWj+4XkRbOdwdxJteAJKjXYBbeFJMtfaEPd1MBF9pQ==",
        "dependencies": {
          "d": "d@0.1.1",
          "es5-ext": "es5-ext@0.10.62",
          "memoizee": "memoizee@0.3.10",
          "timers-ext": "timers-ext@0.1.7"
        }
      },
      "cli-cursor@3.1.0": {
        "integrity": "sha512-I/zHAwsKf9FqGoXM4WWRACob9+SNukZTd94DWF57E4toouRulbCxcUh6RKUEOQlYTHJnzkPMySvPNaaSLNfLZw==",
        "dependencies": {
          "restore-cursor": "restore-cursor@3.1.0"
        }
      },
      "cli-spinners@2.9.0": {
        "integrity": "sha512-4/aL9X3Wh0yiMQlE+eeRhWP6vclO3QRtw1JHKIT0FFUs5FjpFmESqtMvYZ0+lbzBw900b95mS0hohy+qn2VK/g==",
        "dependencies": {}
      },
      "cli-width@4.1.0": {
        "integrity": "sha512-ouuZd4/dm2Sw5Gmqy6bGyNNNe1qt9RpmxveLSO7KcgsTnU7RXfsw+/bukWGo1abgBiMAic068rclZsO4IWmmxQ==",
        "dependencies": {}
      },
      "clone@1.0.4": {
        "integrity": "sha512-JQHZ2QMW6l3aH/j6xCqQThY/9OH4D/9ls34cgkUBiEeocRTU04tHfKPBsUK1PqZCUQM7GiA0IIXJSuXHI64Kbg==",
        "dependencies": {}
      },
      "clui@0.3.6": {
        "integrity": "sha512-Z4UbgZILlIAjkEkZiDOa2aoYjohKx7fa6DxIh6cE9A6WNWZ61iXfQc6CmdC9SKdS5nO0P0UyQ+WfoXfB65e3HQ==",
        "dependencies": {
          "cli-color": "cli-color@0.3.2"
        }
      },
      "color-convert@2.0.1": {
        "integrity": "sha512-RRECPsj7iu/xb5oKYcsFHSppFNnsj/52OVTRKb4zP5onXwVF3zVmmToNcOfGC+CRDpfK/U584fMg38ZHCaElKQ==",
        "dependencies": {
          "color-name": "color-name@1.1.4"
        }
      },
      "color-name@1.1.4": {
        "integrity": "sha512-dOy+3AuW3a2wNbZHIuMZpTcgjGuLU/uBL/ubcZF9OXbDo8ff4O8yVp5Bf0efS8uEoYo5q4Fx7dY9OgQGXgAsQA==",
        "dependencies": {}
      },
      "configstore@6.0.0": {
        "integrity": "sha512-cD31W1v3GqUlQvbBCGcXmd2Nj9SvLDOP1oQ0YFuLETufzSPaKp11rYBsSOm7rCsW3OnIRAFM3OxRhceaXNYHkA==",
        "dependencies": {
          "dot-prop": "dot-prop@6.0.1",
          "graceful-fs": "graceful-fs@4.2.11",
          "unique-string": "unique-string@3.0.0",
          "write-file-atomic": "write-file-atomic@3.0.3",
          "xdg-basedir": "xdg-basedir@5.1.0"
        }
      },
      "crypto-random-string@4.0.0": {
        "integrity": "sha512-x8dy3RnvYdlUcPOjkEHqozhiwzKNSq7GcPuXFbnyMOCHxX8V3OgIg/pYuabl2sbUPfIJaeAQB7PMOK8DFIdoRA==",
        "dependencies": {
          "type-fest": "type-fest@1.4.0"
        }
      },
      "d@0.1.1": {
        "integrity": "sha512-0SdM9V9pd/OXJHoWmTfNPTAeD+lw6ZqHg+isPyBFuJsZLSE0Ygg1cYZ/0l6DrKQXMOqGOu1oWupMoOfoRfMZrQ==",
        "dependencies": {
          "es5-ext": "es5-ext@0.10.62"
        }
      },
      "d@1.0.1": {
        "integrity": "sha512-m62ShEObQ39CfralilEQRjH6oAMtNCV1xJyEx5LpRYUVN+EviphDgUc/F3hnYbADmkiNs67Y+3ylmlG7Lnu+FA==",
        "dependencies": {
          "es5-ext": "es5-ext@0.10.62",
          "type": "type@1.2.0"
        }
      },
      "defaults@1.0.4": {
        "integrity": "sha512-eFuaLoy/Rxalv2kr+lqMlUnrDWV+3j4pljOIJgLIhI058IQfWJ7vXhyEIHu+HtC738klGALYxOKDO0bQP3tg8A==",
        "dependencies": {
          "clone": "clone@1.0.4"
        }
      },
      "dot-prop@6.0.1": {
        "integrity": "sha512-tE7ztYzXHIeyvc7N+hR3oi7FIbf/NIjVP9hmAt3yMXzrQ072/fpjGLx2GxNxGxUl5V73MEqYzioOMoVhGMJ5cA==",
        "dependencies": {
          "is-obj": "is-obj@2.0.0"
        }
      },
      "emoji-regex@8.0.0": {
        "integrity": "sha512-MSjYzcWNOA0ewAHpz0MxpYFvwg6yjy1NG3xteoqz644VCo/RPgnr1/GGt+ic3iJTzQ8Eu3TdM14SawnVUmGE6A==",
        "dependencies": {}
      },
      "es5-ext@0.10.62": {
        "integrity": "sha512-BHLqn0klhEpnOKSrzn/Xsz2UIW8j+cGmo9JLzr8BiUapV8hPL9+FliFqjwr9ngW7jWdnxv6eO+/LqyhJVqgrjA==",
        "dependencies": {
          "es6-iterator": "es6-iterator@2.0.3",
          "es6-symbol": "es6-symbol@3.1.3",
          "next-tick": "next-tick@1.1.0"
        }
      },
      "es6-iterator@0.1.3": {
        "integrity": "sha512-6TOmbFM6OPWkTe+bQ3ZuUkvqcWUjAnYjKUCLdbvRsAUz2Pr+fYIibwNXNkLNtIK9PPFbNMZZddaRNkyJhlGJhA==",
        "dependencies": {
          "d": "d@0.1.1",
          "es5-ext": "es5-ext@0.10.62",
          "es6-symbol": "es6-symbol@2.0.1"
        }
      },
      "es6-iterator@2.0.3": {
        "integrity": "sha512-zw4SRzoUkd+cl+ZoE15A9o1oQd920Bb0iOJMQkQhl3jNc03YqVjAhG7scf9C5KWRU/R13Orf588uCC6525o02g==",
        "dependencies": {
          "d": "d@1.0.1",
          "es5-ext": "es5-ext@0.10.62",
          "es6-symbol": "es6-symbol@3.1.3"
        }
      },
      "es6-symbol@2.0.1": {
        "integrity": "sha512-wjobO4zO8726HVU7mI2OA/B6QszqwHJuKab7gKHVx+uRfVVYGcWJkCIFxV2Madqb9/RUSrhJ/r6hPfG7FsWtow==",
        "dependencies": {
          "d": "d@0.1.1",
          "es5-ext": "es5-ext@0.10.62"
        }
      },
      "es6-symbol@3.1.3": {
        "integrity": "sha512-NJ6Yn3FuDinBaBRWl/q5X/s4koRHBrgKAu+yGI6JCBeiu3qrcbJhwT2GeR/EXVfylRk8dpQVJoLEFhK+Mu31NA==",
        "dependencies": {
          "d": "d@1.0.1",
          "ext": "ext@1.7.0"
        }
      },
      "es6-weak-map@0.1.4": {
        "integrity": "sha512-P+N5Cd2TXeb7G59euFiM7snORspgbInS29Nbf3KNO2JQp/DyhvMCDWd58nsVAXwYJ6W3Bx7qDdy6QQ3PCJ7jKQ==",
        "dependencies": {
          "d": "d@0.1.1",
          "es5-ext": "es5-ext@0.10.62",
          "es6-iterator": "es6-iterator@0.1.3",
          "es6-symbol": "es6-symbol@2.0.1"
        }
      },
      "escape-string-regexp@5.0.0": {
        "integrity": "sha512-/veY75JbMK4j1yjvuUxuVsiS/hr/4iHs9FTT6cgTexxdE0Ly/glccBAkloH/DofkjRbZU3bnoj38mOmhkZ0lHw==",
        "dependencies": {}
      },
      "event-emitter@0.3.5": {
        "integrity": "sha512-D9rRn9y7kLPnJ+hMq7S/nhvoKwwvVJahBi2BPmx3bvbsEdK3W9ii8cBSGjP+72/LnM4n6fo3+dkCX5FeTQruXA==",
        "dependencies": {
          "d": "d@1.0.1",
          "es5-ext": "es5-ext@0.10.62"
        }
      },
      "ext@1.7.0": {
        "integrity": "sha512-6hxeJYaL110a9b5TEJSj0gojyHQAmA2ch5Os+ySCiA1QGdS697XWY1pzsrSjqA9LDEEgdB/KypIlR59RcLuHYw==",
        "dependencies": {
          "type": "type@2.7.2"
        }
      },
      "external-editor@3.1.0": {
        "integrity": "sha512-hMQ4CX1p1izmuLYyZqLMO/qGNw10wSv9QDCPfzXfyFrOaCSSoRfqE1Kf1s5an66J5JZC62NewG+mK49jOCtQew==",
        "dependencies": {
          "chardet": "chardet@0.7.0",
          "iconv-lite": "iconv-lite@0.4.24",
          "tmp": "tmp@0.0.33"
        }
      },
      "figlet@1.6.0": {
        "integrity": "sha512-31EQGhCEITv6+hi2ORRPyn3bulaV9Fl4xOdR169cBzH/n1UqcxsiSB/noo6SJdD7Kfb1Ljit+IgR1USvF/XbdA==",
        "dependencies": {}
      },
      "figures@5.0.0": {
        "integrity": "sha512-ej8ksPF4x6e5wvK9yevct0UCXh8TTFlWGVLlgjZuoBH1HwjIfKE/IdL5mq89sFA7zELi1VhKpmtDnrs7zWyeyg==",
        "dependencies": {
          "escape-string-regexp": "escape-string-regexp@5.0.0",
          "is-unicode-supported": "is-unicode-supported@1.3.0"
        }
      },
      "graceful-fs@4.2.11": {
        "integrity": "sha512-RbJ5/jmFcNNCcDV5o9eTnBLJ/HszWV0P73bc+Ff4nS/rJj+YaS6IGyiOL0VoBYX+l1Wrl3k63h/KrH+nhJ0XvQ==",
        "dependencies": {}
      },
      "has-flag@4.0.0": {
        "integrity": "sha512-EykJT/Q1KjTWctppgIAgfSO0tKVuZUjhgMr17kqTumMl6Afv3EISleU7qZUzoXDFTAHTDC4NOoG/ZxU3EvlMPQ==",
        "dependencies": {}
      },
      "iconv-lite@0.4.24": {
        "integrity": "sha512-v3MXnZAcvnywkTUEZomIActle7RXXeedOR31wwl7VlyoXO4Qi9arvSenNQWne1TcRwhCL1HwLI21bEqdpj8/rA==",
        "dependencies": {
          "safer-buffer": "safer-buffer@2.1.2"
        }
      },
      "ieee754@1.2.1": {
        "integrity": "sha512-dcyqhDvX1C46lXZcVqCpK+FtMRQVdIMN6/Df5js2zouUsqG7I6sFxitIC+7KYK29KdXOLHdu9zL4sFnoVQnqaA==",
        "dependencies": {}
      },
      "imurmurhash@0.1.4": {
        "integrity": "sha512-JmXMZ6wuvDmLiHEml9ykzqO6lwFbof0GG4IkcGaENdCRDDmMVnny7s5HsIgHCbaq0w2MyPhDqkhTUgS2LU2PHA==",
        "dependencies": {}
      },
      "inherits@2.0.4": {
        "integrity": "sha512-k/vGaX4/Yla3WzyMCvTQOXYeIHvqOKtnqBduzTHpzpQZzAskKMhZ2K+EnBiSM9zGSoIFeMpXKxa4dYeZIQqewQ==",
        "dependencies": {}
      },
      "inquirer@9.2.10": {
        "integrity": "sha512-tVVNFIXU8qNHoULiazz612GFl+yqNfjMTbLuViNJE/d860Qxrd3NMrse8dm40VUQLOQeULvaQF8lpAhvysjeyA==",
        "dependencies": {
          "@ljharb/through": "@ljharb/through@2.3.9",
          "ansi-escapes": "ansi-escapes@4.3.2",
          "chalk": "chalk@5.3.0",
          "cli-cursor": "cli-cursor@3.1.0",
          "cli-width": "cli-width@4.1.0",
          "external-editor": "external-editor@3.1.0",
          "figures": "figures@5.0.0",
          "lodash": "lodash@4.17.21",
          "mute-stream": "mute-stream@1.0.0",
          "ora": "ora@5.4.1",
          "run-async": "run-async@3.0.0",
          "rxjs": "rxjs@7.8.1",
          "string-width": "string-width@4.2.3",
          "strip-ansi": "strip-ansi@6.0.1",
          "wrap-ansi": "wrap-ansi@6.2.0"
        }
      },
      "is-fullwidth-code-point@3.0.0": {
        "integrity": "sha512-zymm5+u+sCsSWyD9qNaejV3DFvhCKclKdizYaJUuHA83RLjb7nSuGnddCHGv0hk+KY7BMAlsWeK4Ueg6EV6XQg==",
        "dependencies": {}
      },
      "is-interactive@1.0.0": {
        "integrity": "sha512-2HvIEKRoqS62guEC+qBjpvRubdX910WCMuJTZ+I9yvqKU2/12eSL549HMwtabb4oupdj2sMP50k+XJfB/8JE6w==",
        "dependencies": {}
      },
      "is-obj@2.0.0": {
        "integrity": "sha512-drqDG3cbczxxEJRoOXcOjtdp1J/lyp1mNn0xaznRs8+muBhgQcrnbspox5X5fOw0HnMnbfDzvnEMEtqDEJEo8w==",
        "dependencies": {}
      },
      "is-typedarray@1.0.0": {
        "integrity": "sha512-cyA56iCMHAh5CdzjJIa4aohJyeO1YbwLi3Jc35MmRU6poroFjIGZzUzupGiRPOjgHg9TLu43xbpwXk523fMxKA==",
        "dependencies": {}
      },
      "is-unicode-supported@0.1.0": {
        "integrity": "sha512-knxG2q4UC3u8stRGyAVJCOdxFmv5DZiRcdlIaAQXAbSfJya+OhopNotLQrstBhququ4ZpuKbDc/8S6mgXgPFPw==",
        "dependencies": {}
      },
      "is-unicode-supported@1.3.0": {
        "integrity": "sha512-43r2mRvz+8JRIKnWJ+3j8JtjRKZ6GmjzfaE/qiBJnikNnYv/6bagRJ1kUhNk8R5EX/GkobD+r+sfxCPJsiKBLQ==",
        "dependencies": {}
      },
      "lodash@4.17.21": {
        "integrity": "sha512-v2kDEe57lecTulaDIuNTPy3Ry4gLGJ6Z1O3vE1krgXZNrsQ+LFTGHVxVjcXPs17LhbZVGedAJv8XZ1tvj5FvSg==",
        "dependencies": {}
      },
      "log-symbols@4.1.0": {
        "integrity": "sha512-8XPvpAA8uyhfteu8pIvQxpJZ7SYYdpUivZpGy6sFsBuKRY/7rQGavedeB8aK+Zkyq6upMFVL/9AW6vOYzfRyLg==",
        "dependencies": {
          "chalk": "chalk@4.1.2",
          "is-unicode-supported": "is-unicode-supported@0.1.0"
        }
      },
      "lru-queue@0.1.0": {
        "integrity": "sha512-BpdYkt9EvGl8OfWHDQPISVpcl5xZthb+XPsbELj5AQXxIC8IriDZIQYjBJPEm5rS420sjZ0TLEzRcq5KdBhYrQ==",
        "dependencies": {
          "es5-ext": "es5-ext@0.10.62"
        }
      },
      "memoizee@0.3.10": {
        "integrity": "sha512-LLzVUuWwGBKK188spgOK/ukrp5zvd9JGsiLDH41pH9vt5jvhZfsu5pxDuAnYAMG8YEGce72KO07sSBy9KkvOfw==",
        "dependencies": {
          "d": "d@0.1.1",
          "es5-ext": "es5-ext@0.10.62",
          "es6-weak-map": "es6-weak-map@0.1.4",
          "event-emitter": "event-emitter@0.3.5",
          "lru-queue": "lru-queue@0.1.0",
          "next-tick": "next-tick@0.2.2",
          "timers-ext": "timers-ext@0.1.7"
        }
      },
      "mimic-fn@2.1.0": {
        "integrity": "sha512-OqbOk5oEQeAZ8WXWydlu9HJjz9WVdEIvamMCcXmuqUYjTknH/sqsWvhQ3vgwKFRR1HpjvNBKQ37nbJgYzGqGcg==",
        "dependencies": {}
      },
      "minimist@1.2.8": {
        "integrity": "sha512-2yyAR8qBkN3YuheJanUpWC5U3bb5osDywNB8RzDVlDwDHbocAJveqqj1u8+SVD7jkWT4yvsHCpWqqWqAxb0zCA==",
        "dependencies": {}
      },
      "mute-stream@1.0.0": {
        "integrity": "sha512-avsJQhyd+680gKXyG/sQc0nXaC6rBkPOfyHYcFb9+hdkqQkR9bdnkJ0AMZhke0oesPqIO+mFFJ+IdBc7mst4IA==",
        "dependencies": {}
      },
      "next-tick@0.2.2": {
        "integrity": "sha512-f7h4svPtl+QidoBv4taKXUjJ70G2asaZ8G28nS0OkqaalX8dwwrtWtyxEDPK62AC00ur/+/E0pUwBwY5EPn15Q==",
        "dependencies": {}
      },
      "next-tick@1.1.0": {
        "integrity": "sha512-CXdUiJembsNjuToQvxayPZF9Vqht7hewsvy2sOWafLvi2awflj9mOC6bHIg50orX8IJvWKY9wYQ/zB2kogPslQ==",
        "dependencies": {}
      },
      "onetime@5.1.2": {
        "integrity": "sha512-kbpaSSGJTWdAY5KPVeMOKXSrPtr8C8C7wodJbcsd51jRnmD+GZu8Y0VoU6Dm5Z4vWr0Ig/1NKuWRKf7j5aaYSg==",
        "dependencies": {
          "mimic-fn": "mimic-fn@2.1.0"
        }
      },
      "ora@5.4.1": {
        "integrity": "sha512-5b6Y85tPxZZ7QytO+BQzysW31HJku27cRIlkbAXaNx+BdcVi+LlRFmVXzeF6a7JCwJpyw5c4b+YSVImQIrBpuQ==",
        "dependencies": {
          "bl": "bl@4.1.0",
          "chalk": "chalk@4.1.2",
          "cli-cursor": "cli-cursor@3.1.0",
          "cli-spinners": "cli-spinners@2.9.0",
          "is-interactive": "is-interactive@1.0.0",
          "is-unicode-supported": "is-unicode-supported@0.1.0",
          "log-symbols": "log-symbols@4.1.0",
          "strip-ansi": "strip-ansi@6.0.1",
          "wcwidth": "wcwidth@1.0.1"
        }
      },
      "os-tmpdir@1.0.2": {
        "integrity": "sha512-D2FR03Vir7FIu45XBY20mTb+/ZSWB00sjU9jdQXt83gDrI4Ztz5Fs7/yy74g2N5SVQY4xY1qDr4rNddwYRVX0g==",
        "dependencies": {}
      },
      "readable-stream@3.6.2": {
        "integrity": "sha512-9u/sniCrY3D5WdsERHzHE4G2YCXqoG5FTHUiCC4SIbr6XcLZBY05ya9EKjYek9O5xOAwjGq+1JdGBAS7Q9ScoA==",
        "dependencies": {
          "inherits": "inherits@2.0.4",
          "string_decoder": "string_decoder@1.3.0",
          "util-deprecate": "util-deprecate@1.0.2"
        }
      },
      "restore-cursor@3.1.0": {
        "integrity": "sha512-l+sSefzHpj5qimhFSE5a8nufZYAM3sBSVMAPtYkmC+4EH2anSGaEMXSD0izRQbu9nfyQ9y5JrVmp7E8oZrUjvA==",
        "dependencies": {
          "onetime": "onetime@5.1.2",
          "signal-exit": "signal-exit@3.0.7"
        }
      },
      "run-async@3.0.0": {
        "integrity": "sha512-540WwVDOMxA6dN6We19EcT9sc3hkXPw5mzRNGM3FkdN/vtE9NFvj5lFAPNwUDmJjXidm3v7TC1cTE7t17Ulm1Q==",
        "dependencies": {}
      },
      "rxjs@7.8.1": {
        "integrity": "sha512-AA3TVj+0A2iuIoQkWEK/tqFjBq2j+6PO6Y0zJcvzLAFhEFIO3HL0vls9hWLncZbAAbK0mar7oZ4V079I/qPMxg==",
        "dependencies": {
          "tslib": "tslib@2.6.2"
        }
      },
      "safe-buffer@5.2.1": {
        "integrity": "sha512-rp3So07KcdmmKbGvgaNxQSJr7bGVSVk5S9Eq1F+ppbRo70+YeaDxkw5Dd8NPN+GD6bjnYm2VuPuCXmpuYvmCXQ==",
        "dependencies": {}
      },
      "safer-buffer@2.1.2": {
        "integrity": "sha512-YZo3K82SD7Riyi0E1EQPojLz7kpepnSQI9IyPbHHg1XXXevb5dJI7tpyN2ADxGcQbHG7vcyRHk0cbwqcQriUtg==",
        "dependencies": {}
      },
      "signal-exit@3.0.7": {
        "integrity": "sha512-wnD2ZE+l+SPC/uoS0vXeE9L1+0wuaMqKlfz9AMUo38JsyLSBWSFcHR1Rri62LZc12vLr1gb3jl7iwQhgwpAbGQ==",
        "dependencies": {}
      },
      "string-width@4.2.3": {
        "integrity": "sha512-wKyQRQpjJ0sIp62ErSZdGsjMJWsap5oRNihHhu6G7JVO/9jIB6UyevL+tXuOqrng8j/cxKTWyWUwvSTriiZz/g==",
        "dependencies": {
          "emoji-regex": "emoji-regex@8.0.0",
          "is-fullwidth-code-point": "is-fullwidth-code-point@3.0.0",
          "strip-ansi": "strip-ansi@6.0.1"
        }
      },
      "string_decoder@1.3.0": {
        "integrity": "sha512-hkRX8U1WjJFd8LsDJ2yQ/wWWxaopEsABU1XfkM8A+j0+85JAGppt16cr1Whg6KIbb4okU6Mql6BOj+uup/wKeA==",
        "dependencies": {
          "safe-buffer": "safe-buffer@5.2.1"
        }
      },
      "strip-ansi@6.0.1": {
        "integrity": "sha512-Y38VPSHcqkFrCpFnQ9vuSXmquuv5oXOKpGeT6aGrr3o3Gc9AlVa6JBfUSOCnbxGGZF+/0ooI7KrPuUSztUdU5A==",
        "dependencies": {
          "ansi-regex": "ansi-regex@5.0.1"
        }
      },
      "supports-color@7.2.0": {
        "integrity": "sha512-qpCAvRl9stuOHveKsn7HncJRvv501qIacKzQlO/+Lwxc9+0q2wLyv4Dfvt80/DPn2pqOBsJdDiogXGR9+OvwRw==",
        "dependencies": {
          "has-flag": "has-flag@4.0.0"
        }
      },
      "timers-ext@0.1.7": {
        "integrity": "sha512-b85NUNzTSdodShTIbky6ZF02e8STtVVfD+fu4aXXShEELpozH+bCpJLYMPZbsABN2wDH7fJpqIoXxJpzbf0NqQ==",
        "dependencies": {
          "es5-ext": "es5-ext@0.10.62",
          "next-tick": "next-tick@1.1.0"
        }
      },
      "tmp@0.0.33": {
        "integrity": "sha512-jRCJlojKnZ3addtTOjdIqoRuPEKBvNXcGYqzO6zWZX8KfKEpnGY5jfggJQ3EjKuu8D4bJRr0y+cYJFmYbImXGw==",
        "dependencies": {
          "os-tmpdir": "os-tmpdir@1.0.2"
        }
      },
      "tslib@2.6.2": {
        "integrity": "sha512-AEYxH93jGFPn/a2iVAwW87VuUIkR1FVUKB77NwMF7nBTDkDrrT/Hpt/IrCJ0QXhW27jTBDcf5ZY7w6RiqTMw2Q==",
        "dependencies": {}
      },
      "type-fest@0.21.3": {
        "integrity": "sha512-t0rzBq87m3fVcduHDUFhKmyyX+9eo6WQjZvf51Ea/M0Q7+T374Jp1aUiyUl0GKxp8M/OETVHSDvmkyPgvX+X2w==",
        "dependencies": {}
      },
      "type-fest@1.4.0": {
        "integrity": "sha512-yGSza74xk0UG8k+pLh5oeoYirvIiWo5t0/o3zHHAO2tRDiZcxWP7fywNlXhqb6/r6sWvwi+RsyQMWhVLe4BVuA==",
        "dependencies": {}
      },
      "type@1.2.0": {
        "integrity": "sha512-+5nt5AAniqsCnu2cEQQdpzCAh33kVx8n0VoFidKpB1dVVLAN/F+bgVOqOJqOnEnrhp222clB5p3vUlD+1QAnfg==",
        "dependencies": {}
      },
      "type@2.7.2": {
        "integrity": "sha512-dzlvlNlt6AXU7EBSfpAscydQ7gXB+pPGsPnfJnZpiNJBDj7IaJzQlBZYGdEi4R9HmPdBv2XmWJ6YUtoTa7lmCw==",
        "dependencies": {}
      },
      "typedarray-to-buffer@3.1.5": {
        "integrity": "sha512-zdu8XMNEDepKKR+XYOXAVPtWui0ly0NtohUscw+UmaHiAWT8hrV1rr//H6V+0DvJ3OQ19S979M0laLfX8rm82Q==",
        "dependencies": {
          "is-typedarray": "is-typedarray@1.0.0"
        }
      },
      "unique-string@3.0.0": {
        "integrity": "sha512-VGXBUVwxKMBUznyffQweQABPRRW1vHZAbadFZud4pLFAqRGvv/96vafgjWFqzourzr8YonlQiPgH0YCJfawoGQ==",
        "dependencies": {
          "crypto-random-string": "crypto-random-string@4.0.0"
        }
      },
      "util-deprecate@1.0.2": {
        "integrity": "sha512-EPD5q1uXyFxJpCrLnCc1nHnq3gOa6DZBocAIiI2TaSCA7VCJ1UJDMagCzIkXNsUYfD1daK//LTEQ8xiIbrHtcw==",
        "dependencies": {}
      },
      "wcwidth@1.0.1": {
        "integrity": "sha512-XHPEwS0q6TaxcvG85+8EYkbiCux2XtWG2mkc47Ng2A77BQu9+DqIOJldST4HgPkuea7dvKSj5VgX3P1d4rW8Tg==",
        "dependencies": {
          "defaults": "defaults@1.0.4"
        }
      },
      "wrap-ansi@6.2.0": {
        "integrity": "sha512-r6lPcBGxZXlIcymEu7InxDMhdW0KDxpLgoFLcguasxCaJ/SOIZwINatK9KY/tf+ZrlywOKU0UDj3ATXUBfxJXA==",
        "dependencies": {
          "ansi-styles": "ansi-styles@4.3.0",
          "string-width": "string-width@4.2.3",
          "strip-ansi": "strip-ansi@6.0.1"
        }
      },
      "write-file-atomic@3.0.3": {
        "integrity": "sha512-AvHcyZ5JnSfq3ioSyjrBkH9yW4m7Ayk8/9My/DD9onKeu/94fwrMocemO2QAJFAlnnDN+ZDS+ZjAR5ua1/PV/Q==",
        "dependencies": {
          "imurmurhash": "imurmurhash@0.1.4",
          "is-typedarray": "is-typedarray@1.0.0",
          "signal-exit": "signal-exit@3.0.7",
          "typedarray-to-buffer": "typedarray-to-buffer@3.1.5"
        }
      },
      "xdg-basedir@5.1.0": {
        "integrity": "sha512-GCPAHLvrIH13+c0SuacwvRYj2SxJXQ4kaVTT5xgL3kPrz56XxkF21IGhjSE1+W0aw7gpBWRGXLCPnPby6lSpmQ==",
        "dependencies": {}
      }
    }
  }
}
